
Microsoft Visual Studio Solution File, Format Version 12.00
# Visual Studio Version 17
VisualStudioVersion = 17.7.34221.43
MinimumVisualStudioVersion = 10.0.40219.1
Project("{FAE04EC0-301F-11D3-BF4B-00C04F79EFBC}") = "TSWMS.UserService.Api", "TSWMS.UserService.Api\TSWMS.UserService.Api.csproj", "{701C335F-F69D-C059-2890-703BE97D920E}"
EndProject
Project("{FAE04EC0-301F-11D3-BF4B-00C04F79EFBC}") = "TSWMS.UserService.Business", "TSWMS.UserService.Business\TSWMS.UserService.Business.csproj", "{28C36337-BBA8-C2EF-1A43-C11841BCB6A5}"
EndProject
Project("{FAE04EC0-301F-11D3-BF4B-00C04F79EFBC}") = "TSWMS.UserService.Configurations", "TSWMS.UserService.Configurations\TSWMS.UserService.Configurations.csproj", "{E23C4207-95D9-DDD9-FC08-07618D701E48}"
EndProject
Project("{FAE04EC0-301F-11D3-BF4B-00C04F79EFBC}") = "TSWMS.UserService.Data", "TSWMS.UserService.Data\TSWMS.UserService.Data.csproj", "{2038B099-37B4-FBEB-7486-EC91F3FEC6B9}"
EndProject
Project("{FAE04EC0-301F-11D3-BF4B-00C04F79EFBC}") = "TSWMS.UserService.Shared", "TSWMS.UserService.Shared\TSWMS.UserService.Shared.csproj", "{8ABEECF3-04C0-0492-2BEC-D33506AB397C}"
EndProject
Global
	GlobalSection(SolutionConfigurationPlatforms) = preSolution
		Debug|Any CPU = Debug|Any CPU
		Release|Any CPU = Release|Any CPU
	EndGlobalSection
	GlobalSection(ProjectConfigurationPlatforms) = postSolution
		{701C335F-F69D-C059-2890-703BE97D920E}.Debug|Any CPU.ActiveCfg = Debug|Any CPU
		{701C335F-F69D-C059-2890-703BE97D920E}.Debug|Any CPU.Build.0 = Debug|Any CPU
		{701C335F-F69D-C059-2890-703BE97D920E}.Release|Any CPU.ActiveCfg = Release|Any CPU
		{701C335F-F69D-C059-2890-703BE97D920E}.Release|Any CPU.Build.0 = Release|Any CPU
		{28C36337-BBA8-C2EF-1A43-C11841BCB6A5}.Debug|Any CPU.ActiveCfg = Debug|Any CPU
		{28C36337-BBA8-C2EF-1A43-C11841BCB6A5}.Debug|Any CPU.Build.0 = Debug|Any CPU
		{28C36337-BBA8-C2EF-1A43-C11841BCB6A5}.Release|Any CPU.ActiveCfg = Release|Any CPU
		{28C36337-BBA8-C2EF-1A43-C11841BCB6A5}.Release|Any CPU.Build.0 = Release|Any CPU
		{E23C4207-95D9-DDD9-FC08-07618D701E48}.Debug|Any CPU.ActiveCfg = Debug|Any CPU
		{E23C4207-95D9-DDD9-FC08-07618D701E48}.Debug|Any CPU.Build.0 = Debug|Any CPU
		{E23C4207-95D9-DDD9-FC08-07618D701E48}.Release|Any CPU.ActiveCfg = Release|Any CPU
		{E23C4207-95D9-DDD9-FC08-07618D701E48}.Release|Any CPU.Build.0 = Release|Any CPU
		{2038B099-37B4-FBEB-7486-EC91F3FEC6B9}.Debug|Any CPU.ActiveCfg = Debug|Any CPU
		{2038B099-37B4-FBEB-7486-EC91F3FEC6B9}.Debug|Any CPU.Build.0 = Debug|Any CPU
		{2038B099-37B4-FBEB-7486-EC91F3FEC6B9}.Release|Any CPU.ActiveCfg = Release|Any CPU
		{2038B099-37B4-FBEB-7486-EC91F3FEC6B9}.Release|Any CPU.Build.0 = Release|Any CPU
		{8ABEECF3-04C0-0492-2BEC-D33506AB397C}.Debug|Any CPU.ActiveCfg = Debug|Any CPU
		{8ABEECF3-04C0-0492-2BEC-D33506AB397C}.Debug|Any CPU.Build.0 = Debug|Any CPU
		{8ABEECF3-04C0-0492-2BEC-D33506AB397C}.Release|Any CPU.ActiveCfg = Release|Any CPU
		{8ABEECF3-04C0-0492-2BEC-D33506AB397C}.Release|Any CPU.Build.0 = Release|Any CPU
	EndGlobalSection
	GlobalSection(SolutionProperties) = preSolution
		HideSolutionNode = FALSE
	EndGlobalSection
	GlobalSection(ExtensibilityGlobals) = postSolution
		SolutionGuid = {B005D98E-EA21-45FF-AF85-AE553851F18D}
	EndGlobalSection
EndGlobal
